<Solution>
  <Project Path="CRC.Api/CRC.Api.csproj" Id="9c39feb7-7766-43b5-b32f-54a7c59d2b12" />
  <Project Path="CRC.Data/CRC.Data.csproj" Id="a139d065-1332-48da-9873-5aec5d26835f" />
  <Project Path="CRC.Database/CRC.Database.sqlproj" Id="6e3f1057-5332-47c3-a161-1e4bdf76d155">
    <Build />
    <Deploy />
  </Project>
  <Project Path="CRC.Web/CRC.Web.csproj" />
</Solution>
